
Microsoft Visual Studio Solution File, Format Version 12.00
# Visual Studio 15
VisualStudioVersion = 15.0.27703.2047
MinimumVisualStudioVersion = 10.0.40219.1
Project("{FAE04EC0-301F-11D3-BF4B-00C04F79EFBC}") = "Assignment1-2", "Assignment1-2\Assignment1-2.csproj", "{AE47A367-3817-4B5B-BE34-41E0668E9C2D}"
EndProject
Global
	GlobalSection(SolutionConfigurationPlatforms) = preSolution
		Debug|Any CPU = Debug|Any CPU
		Release|Any CPU = Release|Any CPU
	EndGlobalSection
	GlobalSection(ProjectConfigurationPlatforms) = postSolution
		{AE47A367-3817-4B5B-BE34-41E0668E9C2D}.Debug|Any CPU.ActiveCfg = Debug|Any CPU
		{AE47A367-3817-4B5B-BE34-41E0668E9C2D}.Debug|Any CPU.Build.0 = Debug|Any CPU
		{AE47A367-3817-4B5B-BE34-41E0668E9C2D}.Release|Any CPU.ActiveCfg = Release|Any CPU
		{AE47A367-3817-4B5B-BE34-41E0668E9C2D}.Release|Any CPU.Build.0 = Release|Any CPU
	EndGlobalSection
	GlobalSection(SolutionProperties) = preSolution
		HideSolutionNode = FALSE
	EndGlobalSection
	GlobalSection(ExtensibilityGlobals) = postSolution
		SolutionGuid = {D218DB3E-3FD7-4E9A-8B52-D74FB8247706}
	EndGlobalSection
EndGlobal
